
Microsoft Visual Studio Solution File, Format Version 12.00
# Visual Studio Version 17
VisualStudioVersion = 17.4.33213.308
MinimumVisualStudioVersion = 10.0.40219.1
Project("{FAE04EC0-301F-11D3-BF4B-00C04F79EFBC}") = "Изучение свойств элементов графического интерфеса 5", "Изучение свойств элементов графического интерфеса 5\Изучение свойств элементов графического интерфеса 5.csproj", "{828FAE4C-5B89-431C-9EAD-92117052EA4B}"
EndProject
Global
	GlobalSection(SolutionConfigurationPlatforms) = preSolution
		Debug|Any CPU = Debug|Any CPU
		Release|Any CPU = Release|Any CPU
	EndGlobalSection
	GlobalSection(ProjectConfigurationPlatforms) = postSolution
		{828FAE4C-5B89-431C-9EAD-92117052EA4B}.Debug|Any CPU.ActiveCfg = Debug|Any CPU
		{828FAE4C-5B89-431C-9EAD-92117052EA4B}.Debug|Any CPU.Build.0 = Debug|Any CPU
		{828FAE4C-5B89-431C-9EAD-92117052EA4B}.Release|Any CPU.ActiveCfg = Release|Any CPU
		{828FAE4C-5B89-431C-9EAD-92117052EA4B}.Release|Any CPU.Build.0 = Release|Any CPU
	EndGlobalSection
	GlobalSection(SolutionProperties) = preSolution
		HideSolutionNode = FALSE
	EndGlobalSection
	GlobalSection(ExtensibilityGlobals) = postSolution
		SolutionGuid = {D33F9064-A562-4C6F-8B6D-DE74BA710654}
	EndGlobalSection
EndGlobal
