
Microsoft Visual Studio Solution File, Format Version 12.00
# Visual Studio Version 17
VisualStudioVersion = 17.4.33213.308
MinimumVisualStudioVersion = 10.0.40219.1
Project("{FAE04EC0-301F-11D3-BF4B-00C04F79EFBC}") = "Класс WebClient", "Класс WebClient\Класс WebClient.csproj", "{F88D7974-148F-43AA-B8DB-6BF2B5883623}"
EndProject
Global
	GlobalSection(SolutionConfigurationPlatforms) = preSolution
		Debug|Any CPU = Debug|Any CPU
		Release|Any CPU = Release|Any CPU
	EndGlobalSection
	GlobalSection(ProjectConfigurationPlatforms) = postSolution
		{F88D7974-148F-43AA-B8DB-6BF2B5883623}.Debug|Any CPU.ActiveCfg = Debug|Any CPU
		{F88D7974-148F-43AA-B8DB-6BF2B5883623}.Debug|Any CPU.Build.0 = Debug|Any CPU
		{F88D7974-148F-43AA-B8DB-6BF2B5883623}.Release|Any CPU.ActiveCfg = Release|Any CPU
		{F88D7974-148F-43AA-B8DB-6BF2B5883623}.Release|Any CPU.Build.0 = Release|Any CPU
	EndGlobalSection
	GlobalSection(SolutionProperties) = preSolution
		HideSolutionNode = FALSE
	EndGlobalSection
	GlobalSection(ExtensibilityGlobals) = postSolution
		SolutionGuid = {C57667A5-48E7-4C31-8944-0E0E92014B46}
	EndGlobalSection
EndGlobal
