
Microsoft Visual Studio Solution File, Format Version 12.00
# Visual Studio Version 17
VisualStudioVersion = 17.4.33213.308
MinimumVisualStudioVersion = 10.0.40219.1
Project("{FAE04EC0-301F-11D3-BF4B-00C04F79EFBC}") = "Компонент LISTBOX", "Компонент LISTBOX\Компонент LISTBOX.csproj", "{0D7ECE70-9AC0-4D21-9637-E13FF654070D}"
EndProject
Global
	GlobalSection(SolutionConfigurationPlatforms) = preSolution
		Debug|Any CPU = Debug|Any CPU
		Release|Any CPU = Release|Any CPU
	EndGlobalSection
	GlobalSection(ProjectConfigurationPlatforms) = postSolution
		{0D7ECE70-9AC0-4D21-9637-E13FF654070D}.Debug|Any CPU.ActiveCfg = Debug|Any CPU
		{0D7ECE70-9AC0-4D21-9637-E13FF654070D}.Debug|Any CPU.Build.0 = Debug|Any CPU
		{0D7ECE70-9AC0-4D21-9637-E13FF654070D}.Release|Any CPU.ActiveCfg = Release|Any CPU
		{0D7ECE70-9AC0-4D21-9637-E13FF654070D}.Release|Any CPU.Build.0 = Release|Any CPU
	EndGlobalSection
	GlobalSection(SolutionProperties) = preSolution
		HideSolutionNode = FALSE
	EndGlobalSection
	GlobalSection(ExtensibilityGlobals) = postSolution
		SolutionGuid = {AAFDA5CA-8608-4FEF-AD84-9C6EAA109C53}
	EndGlobalSection
EndGlobal
