
Microsoft Visual Studio Solution File, Format Version 12.00
# Visual Studio Version 17
VisualStudioVersion = 17.4.33213.308
MinimumVisualStudioVersion = 10.0.40219.1
Project("{FAE04EC0-301F-11D3-BF4B-00C04F79EFBC}") = "Изучение свойств элементов графического интерфейса", "Изучение свойств элементов графического интерфейса\Изучение свойств элементов графического интерфейса.csproj", "{B079D96D-9CB6-438D-998A-D6C6B2B1BBAE}"
EndProject
Global
	GlobalSection(SolutionConfigurationPlatforms) = preSolution
		Debug|Any CPU = Debug|Any CPU
		Release|Any CPU = Release|Any CPU
	EndGlobalSection
	GlobalSection(ProjectConfigurationPlatforms) = postSolution
		{B079D96D-9CB6-438D-998A-D6C6B2B1BBAE}.Debug|Any CPU.ActiveCfg = Debug|Any CPU
		{B079D96D-9CB6-438D-998A-D6C6B2B1BBAE}.Debug|Any CPU.Build.0 = Debug|Any CPU
		{B079D96D-9CB6-438D-998A-D6C6B2B1BBAE}.Release|Any CPU.ActiveCfg = Release|Any CPU
		{B079D96D-9CB6-438D-998A-D6C6B2B1BBAE}.Release|Any CPU.Build.0 = Release|Any CPU
	EndGlobalSection
	GlobalSection(SolutionProperties) = preSolution
		HideSolutionNode = FALSE
	EndGlobalSection
	GlobalSection(ExtensibilityGlobals) = postSolution
		SolutionGuid = {55F1A725-A727-42AE-9777-64B383BE0A47}
	EndGlobalSection
EndGlobal
